<?xml version="1.0" encoding="utf-8"?>
<Project ToolsVersion="4.0" xmlns="http://schemas.microsoft.com/developer/msbuild/2003">
  <ItemGroup>
    <ClCompile Include="Engine.cpp" />
    <ClCompile Include="Navmesh\NavmeshPath.cpp">
      <Filter>Navmesh</Filter>
    </ClCompile>
    <ClCompile Include="Navmesh\NavmeshData.cpp">
      <Filter>Navmesh</Filter>
    </ClCompile>
    <ClCompile Include="Navmesh\NavPower.cpp">
      <Filter>Navmesh</Filter>
    </ClCompile>
    <ClCompile Include="Navmesh\Debug\DebugView_Navmesh.cpp">
      <Filter>Navmesh\Debug</Filter>
    </ClCompile>
    <ClCompile Include="Navmesh\Systems\WorldSystem_Navmesh.cpp">
      <Filter>Navmesh\Systems</Filter>
    </ClCompile>
    <ClCompile Include="Navmesh\Settings\ViewportSettings_Navmesh.cpp">
      <Filter>Navmesh\Settings</Filter>
    </ClCompile>
    <ClCompile Include="Navmesh\ResourceLoaders\ResourceLoader_Navmesh.cpp">
      <Filter>Navmesh\ResourceLoaders</Filter>
    </ClCompile>
    <ClCompile Include="Render\RenderGeometry.cpp">
      <Filter>Render</Filter>
    </ClCompile>
    <ClCompile Include="Render\RenderGeometryBuilder.cpp">
      <Filter>Render</Filter>
    </ClCompile>
    <ClCompile Include="Render\RenderMesh.cpp">
      <Filter>Render</Filter>
    </ClCompile>
    <ClCompile Include="Render\RenderProxies.cpp">
      <Filter>Render</Filter>
    </ClCompile>
    <ClCompile Include="Render\Renderer_ForwardShading.cpp">
      <Filter>Render</Filter>
    </ClCompile>
    <ClCompile Include="Render\RenderViewport.cpp">
      <Filter>Render</Filter>
    </ClCompile>
    <ClCompile Include="Render\RenderSystem.cpp">
      <Filter>Render</Filter>
    </ClCompile>
    <ClCompile Include="Render\Device\DeviceAppendBuffer.cpp">
      <Filter>Render\Device</Filter>
    </ClCompile>
    <ClCompile Include="Render\Device\DeviceRadixSort.cpp">
      <Filter>Render\Device</Filter>
    </ClCompile>
    <ClCompile Include="Render\Device\SpatialHash.cpp">
      <Filter>Render\Device</Filter>
    </ClCompile>
    <ClCompile Include="Render\Device\DeviceRenderView.cpp">
      <Filter>Render\Device</Filter>
    </ClCompile>
    <ClCompile Include="Render\Device\DeviceRenderWorld.cpp">
      <Filter>Render\Device</Filter>
    </ClCompile>
    <ClCompile Include="Render\Device\DeviceResourceState.cpp">
      <Filter>Render\Device</Filter>
    </ClCompile>
    <ClCompile Include="Render\Shaders\EngineShader.cpp">
      <Filter>Render\Shaders</Filter>
    </ClCompile>
    <ClCompile Include="Render\Imgui\ImguiImageCache.cpp">
      <Filter>Render\Imgui</Filter>
    </ClCompile>
    <ClCompile Include="Render\Imgui\ImguiRenderer.cpp">
      <Filter>Render\Imgui</Filter>
    </ClCompile>
    <ClCompile Include="Render\Systems\WorldSystem_Render.cpp">
      <Filter>Render\Systems</Filter>
    </ClCompile>
    <ClCompile Include="Render\Settings\ViewportSettings_Render.cpp">
      <Filter>Render\Settings</Filter>
    </ClCompile>
    <ClCompile Include="Render\DebugMesh\DebugMesh.cpp">
      <Filter>Render\DebugMesh</Filter>
    </ClCompile>
    <ClCompile Include="Render\DebugMesh\DebugMeshRegistry.cpp">
      <Filter>Render\DebugMesh</Filter>
    </ClCompile>
    <ClCompile Include="Render\Components\Component_Lights.cpp">
      <Filter>Render\Components</Filter>
    </ClCompile>
    <ClCompile Include="Render\Components\Component_RenderMesh.cpp">
      <Filter>Render\Components</Filter>
    </ClCompile>
    <ClCompile Include="Render\Components\Component_SkeletalMesh.cpp">
      <Filter>Render\Components</Filter>
    </ClCompile>
    <ClCompile Include="Render\Components\Component_StaticMesh.cpp">
      <Filter>Render\Components</Filter>
    </ClCompile>
    <ClCompile Include="Render\RenderPasses\RenderPass_CascadedShadow.cpp">
      <Filter>Render\RenderPasses</Filter>
    </ClCompile>
    <ClCompile Include="Render\RenderPasses\RenderPass_DebugDraw.cpp">
      <Filter>Render\RenderPasses</Filter>
    </ClCompile>
    <ClCompile Include="Render\RenderPasses\RenderPass_DepthDownsample.cpp">
      <Filter>Render\RenderPasses</Filter>
    </ClCompile>
    <ClCompile Include="Render\RenderPasses\RenderPass_EditorOutline.cpp">
      <Filter>Render\RenderPasses</Filter>
    </ClCompile>
    <ClCompile Include="Render\RenderPasses\RenderPass_ForwardShading.cpp">
      <Filter>Render\RenderPasses</Filter>
    </ClCompile>
    <ClCompile Include="Render\RenderPasses\RenderPass_GlobalEnvironmentMap.cpp">
      <Filter>Render\RenderPasses</Filter>
    </ClCompile>
    <ClCompile Include="Render\RenderPasses\RenderPass_PostProcess.cpp">
      <Filter>Render\RenderPasses</Filter>
    </ClCompile>
    <ClCompile Include="Render\RenderPasses\RenderPass_SMAA.cpp">
      <Filter>Render\RenderPasses</Filter>
    </ClCompile>
    <ClCompile Include="Render\RenderPasses\RenderPass_GTAO.cpp">
      <Filter>Render\RenderPasses</Filter>
    </ClCompile>
    <ClCompile Include="Render\ResourceLoaders\ResourceLoader_RenderMaterial.cpp">
      <Filter>Render\ResourceLoaders</Filter>
    </ClCompile>
    <ClCompile Include="Render\ResourceLoaders\ResourceLoader_RenderMesh.cpp">
      <Filter>Render\ResourceLoaders</Filter>
    </ClCompile>
    <ClCompile Include="Render\ResourceLoaders\ResourceLoader_RenderTexture.cpp">
      <Filter>Render\ResourceLoaders</Filter>
    </ClCompile>
    <ClCompile Include="ThirdParty\box3d\src\aabb.c">
      <Filter>ThirdParty\box3d\src</Filter>
    </ClCompile>
    <ClCompile Include="ThirdParty\box3d\src\arena_allocator.c">
      <Filter>ThirdParty\box3d\src</Filter>
    </ClCompile>
    <ClCompile Include="ThirdParty\box3d\src\bitset.c">
      <Filter>ThirdParty\box3d\src</Filter>
    </ClCompile>
    <ClCompile Include="ThirdParty\box3d\src\block_allocator.c">
      <Filter>ThirdParty\box3d\src</Filter>
    </ClCompile>
    <ClCompile Include="ThirdParty\box3d\src\body.c">
      <Filter>ThirdParty\box3d\src</Filter>
    </ClCompile>
    <ClCompile Include="ThirdParty\box3d\src\broad_phase.c">
      <Filter>ThirdParty\box3d\src</Filter>
    </ClCompile>
    <ClCompile Include="ThirdParty\box3d\src\capsule.c">
      <Filter>ThirdParty\box3d\src</Filter>
    </ClCompile>
    <ClCompile Include="ThirdParty\box3d\src\compound.c">
      <Filter>ThirdParty\box3d\src</Filter>
    </ClCompile>
    <ClCompile Include="ThirdParty\box3d\src\constraint_graph.c">
      <Filter>ThirdParty\box3d\src</Filter>
    </ClCompile>
    <ClCompile Include="ThirdParty\box3d\src\contact.c">
      <Filter>ThirdParty\box3d\src</Filter>
    </ClCompile>
    <ClCompile Include="ThirdParty\box3d\src\contact_solver.c">
      <Filter>ThirdParty\box3d\src</Filter>
    </ClCompile>
    <ClCompile Include="ThirdParty\box3d\src\convex_manifold.c">
      <Filter>ThirdParty\box3d\src</Filter>
    </ClCompile>
    <ClCompile Include="ThirdParty\box3d\src\core.c">
      <Filter>ThirdParty\box3d\src</Filter>
    </ClCompile>
    <ClCompile Include="ThirdParty\box3d\src\distance.c">
      <Filter>ThirdParty\box3d\src</Filter>
    </ClCompile>
    <ClCompile Include="ThirdParty\box3d\src\distance_joint.c">
      <Filter>ThirdParty\box3d\src</Filter>
    </ClCompile>
    <ClCompile Include="ThirdParty\box3d\src\dynamic_tree.c">
      <Filter>ThirdParty\box3d\src</Filter>
    </ClCompile>
    <ClCompile Include="ThirdParty\box3d\src\height_field.c">
      <Filter>ThirdParty\box3d\src</Filter>
    </ClCompile>
    <ClCompile Include="ThirdParty\box3d\src\hull.c">
      <Filter>ThirdParty\box3d\src</Filter>
    </ClCompile>
    <ClCompile Include="ThirdParty\box3d\src\id_pool.c">
      <Filter>ThirdParty\box3d\src</Filter>
    </ClCompile>
    <ClCompile Include="ThirdParty\box3d\src\island.c">
      <Filter>ThirdParty\box3d\src</Filter>
    </ClCompile>
    <ClCompile Include="ThirdParty\box3d\src\joint.c">
      <Filter>ThirdParty\box3d\src</Filter>
    </ClCompile>
    <ClCompile Include="ThirdParty\box3d\src\manifold.c">
      <Filter>ThirdParty\box3d\src</Filter>
    </ClCompile>
    <ClCompile Include="ThirdParty\box3d\src\math_functions.c">
      <Filter>ThirdParty\box3d\src</Filter>
    </ClCompile>
    <ClCompile Include="ThirdParty\box3d\src\mesh.c">
      <Filter>ThirdParty\box3d\src</Filter>
    </ClCompile>
    <ClCompile Include="ThirdParty\box3d\src\mesh_contact.c">
      <Filter>ThirdParty\box3d\src</Filter>
    </ClCompile>
    <ClCompile Include="ThirdParty\box3d\src\motor_joint.c">
      <Filter>ThirdParty\box3d\src</Filter>
    </ClCompile>
    <ClCompile Include="ThirdParty\box3d\src\mover.c">
      <Filter>ThirdParty\box3d\src</Filter>
    </ClCompile>
    <ClCompile Include="ThirdParty\box3d\src\name_cache.c">
      <Filter>ThirdParty\box3d\src</Filter>
    </ClCompile>
    <ClCompile Include="ThirdParty\box3d\src\parallel_for.c">
      <Filter>ThirdParty\box3d\src</Filter>
    </ClCompile>
    <ClCompile Include="ThirdParty\box3d\src\parallel_joint.c">
      <Filter>ThirdParty\box3d\src</Filter>
    </ClCompile>
    <ClCompile Include="ThirdParty\box3d\src\physics_world.c">
      <Filter>ThirdParty\box3d\src</Filter>
    </ClCompile>
    <ClCompile Include="ThirdParty\box3d\src\prismatic_joint.c">
      <Filter>ThirdParty\box3d\src</Filter>
    </ClCompile>
    <ClCompile Include="ThirdParty\box3d\src\recording.c">
      <Filter>ThirdParty\box3d\src</Filter>
    </ClCompile>
    <ClCompile Include="ThirdParty\box3d\src\recording_replay.c">
      <Filter>ThirdParty\box3d\src</Filter>
    </ClCompile>
    <ClCompile Include="ThirdParty\box3d\src\revolute_joint.c">
      <Filter>ThirdParty\box3d\src</Filter>
    </ClCompile>
    <ClCompile Include="ThirdParty\box3d\src\scheduler.c">
      <Filter>ThirdParty\box3d\src</Filter>
    </ClCompile>
    <ClCompile Include="ThirdParty\box3d\src\sensor.c">
      <Filter>ThirdParty\box3d\src</Filter>
    </ClCompile>
    <ClCompile Include="ThirdParty\box3d\src\shape.c">
      <Filter>ThirdParty\box3d\src</Filter>
    </ClCompile>
    <ClCompile Include="ThirdParty\box3d\src\simd.c">
      <Filter>ThirdParty\box3d\src</Filter>
    </ClCompile>
    <ClCompile Include="ThirdParty\box3d\src\solver.c">
      <Filter>ThirdParty\box3d\src</Filter>
    </ClCompile>
    <ClCompile Include="ThirdParty\box3d\src\solver_set.c">
      <Filter>ThirdParty\box3d\src</Filter>
    </ClCompile>
    <ClCompile Include="ThirdParty\box3d\src\sphere.c">
      <Filter>ThirdParty\box3d\src</Filter>
    </ClCompile>
    <ClCompile Include="ThirdParty\box3d\src\spherical_joint.c">
      <Filter>ThirdParty\box3d\src</Filter>
    </ClCompile>
    <ClCompile Include="ThirdParty\box3d\src\table.c">
      <Filter>ThirdParty\box3d\src</Filter>
    </ClCompile>
    <ClCompile Include="ThirdParty\box3d\src\timer.c">
      <Filter>ThirdParty\box3d\src</Filter>
    </ClCompile>
    <ClCompile Include="ThirdParty\box3d\src\triangle_manifold.c">
      <Filter>ThirdParty\box3d\src</Filter>
    </ClCompile>
    <ClCompile Include="ThirdParty\box3d\src\types.c">
      <Filter>ThirdParty\box3d\src</Filter>
    </ClCompile>
    <ClCompile Include="ThirdParty\box3d\src\weld_joint.c">
      <Filter>ThirdParty\box3d\src</Filter>
    </ClCompile>
    <ClCompile Include="ThirdParty\box3d\src\wheel_joint.c">
      <Filter>ThirdParty\box3d\src</Filter>
    </ClCompile>
    <ClCompile Include="ThirdParty\box3d\src\world_snapshot.c">
      <Filter>ThirdParty\box3d\src</Filter>
    </ClCompile>
    <ClCompile Include="ThirdParty\meshoptimizer\meshoptimizer_esoterica.cpp">
      <Filter>ThirdParty\meshoptimizer</Filter>
    </ClCompile>
    <ClCompile Include="Animation\AnimationBlender.cpp">
      <Filter>Animation</Filter>
    </ClCompile>
    <ClCompile Include="Animation\AnimationBoneMask.cpp">
      <Filter>Animation</Filter>
    </ClCompile>
    <ClCompile Include="Animation\AnimationClip.cpp">
      <Filter>Animation</Filter>
    </ClCompile>
    <ClCompile Include="Animation\AnimationEvent.cpp">
      <Filter>Animation</Filter>
    </ClCompile>
    <ClCompile Include="Animation\AnimationFloatChannels.cpp">
      <Filter>Animation</Filter>
    </ClCompile>
    <ClCompile Include="Animation\AnimationFrameTime.cpp">
      <Filter>Animation</Filter>
    </ClCompile>
    <ClCompile Include="Animation\AnimationPose.cpp">
      <Filter>Animation</Filter>
    </ClCompile>
    <ClCompile Include="Animation\AnimationRootMotion.cpp">
      <Filter>Animation</Filter>
    </ClCompile>
    <ClCompile Include="Animation\AnimationSkeleton.cpp">
      <Filter>Animation</Filter>
    </ClCompile>
    <ClCompile Include="Animation\AnimationSyncTrack.cpp">
      <Filter>Animation</Filter>
    </ClCompile>
    <ClCompile Include="Animation\AnimationTarget.cpp">
      <Filter>Animation</Filter>
    </ClCompile>
    <ClCompile Include="Animation\Graph\Animation_RuntimeGraph_TimingInfo.cpp">
      <Filter>Animation\Graph</Filter>
    </ClCompile>
    <ClCompile Include="Animation\Graph\Animation_RuntimeGraph_Recording.cpp">
      <Filter>Animation\Graph</Filter>
    </ClCompile>
    <ClCompile Include="Animation\Graph\Animation_RuntimeGraph_Context.cpp">
      <Filter>Animation\Graph</Filter>
    </ClCompile>
    <ClCompile Include="Animation\Graph\Animation_RuntimeGraph_Controller.cpp">
      <Filter>Animation\Graph</Filter>
    </ClCompile>
    <ClCompile Include="Animation\Graph\Animation_RuntimeGraph_SampledEvents.cpp">
      <Filter>Animation\Graph</Filter>
    </ClCompile>
    <ClCompile Include="Animation\Graph\Animation_RuntimeGraph_Instance.cpp">
      <Filter>Animation\Graph</Filter>
    </ClCompile>
    <ClCompile Include="Animation\Graph\Animation_RuntimeGraph_Node.cpp">
      <Filter>Animation\Graph</Filter>
    </ClCompile>
    <ClCompile Include="Animation\Graph\Animation_RuntimeGraph_RootMotionDebugger.cpp">
      <Filter>Animation\Graph</Filter>
    </ClCompile>
    <ClCompile Include="Animation\Graph\Animation_RuntimeGraph_ValueTypes.cpp">
      <Filter>Animation\Graph</Filter>
    </ClCompile>
    <ClCompile Include="Animation\Graph\Nodes\Animation_RuntimeGraphNode_FootIK.cpp">
      <Filter>Animation\Graph\Nodes</Filter>
    </ClCompile>
    <ClCompile Include="Animation\Graph\Nodes\Animation_RuntimeGraphNode_ExternalPose.cpp">
      <Filter>Animation\Graph\Nodes</Filter>
    </ClCompile>
    <ClCompile Include="Animation\Graph\Nodes\Animation_RuntimeGraphNode_TargetSelector.cpp">
      <Filter>Animation\Graph\Nodes</Filter>
    </ClCompile>
    <ClCompile Include="Animation\Graph\Nodes\Animation_RuntimeGraphNode_TimeControlledAnimationClip.cpp">
      <Filter>Animation\Graph\Nodes</Filter>
    </ClCompile>
    <ClCompile Include="Animation\Graph\Nodes\Animation_RuntimeGraphNode_Scale.cpp">
      <Filter>Animation\Graph\Nodes</Filter>
    </ClCompile>
    <ClCompile Include="Animation\Graph\Nodes\Animation_RuntimeGraphNode_Blend2D.cpp">
      <Filter>Animation\Graph\Nodes</Filter>
    </ClCompile>
    <ClCompile Include="Animation\Graph\Nodes\Animation_RuntimeGraphNode_TargetWarp.cpp">
      <Filter>Animation\Graph\Nodes</Filter>
    </ClCompile>
    <ClCompile Include="Animation\Graph\Nodes\Animation_RuntimeGraphNode_SimulatedRagdoll.cpp">
      <Filter>Animation\Graph\Nodes</Filter>
    </ClCompile>
    <ClCompile Include="Animation\Graph\Nodes\Animation_RuntimeGraphNode_ReferencedGraph.cpp">
      <Filter>Animation\Graph\Nodes</Filter>
    </ClCompile>
    <ClCompile Include="Animation\Graph\Nodes\Animation_RuntimeGraphNode_AnimationClip.cpp">
      <Filter>Animation\Graph\Nodes</Filter>
    </ClCompile>
    <ClCompile Include="Animation\Graph\Nodes\Animation_RuntimeGraphNode_Blend1D.cpp">
      <Filter>Animation\Graph\Nodes</Filter>
    </ClCompile>
    <ClCompile Include="Animation\Graph\Nodes\Animation_RuntimeGraphNode_BoneMasks.cpp">
      <Filter>Animation\Graph\Nodes</Filter>
    </ClCompile>
    <ClCompile Include="Animation\Graph\Nodes\Animation_RuntimeGraphNode_Bools.cpp">
      <Filter>Animation\Graph\Nodes</Filter>
    </ClCompile>
    <ClCompile Include="Animation\Graph\Nodes\Animation_RuntimeGraphNode_CachedValues.cpp">
      <Filter>Animation\Graph\Nodes</Filter>
    </ClCompile>
    <ClCompile Include="Animation\Graph\Nodes\Animation_RuntimeGraphNode_ConstValues.cpp">
      <Filter>Animation\Graph\Nodes</Filter>
    </ClCompile>
    <ClCompile Include="Animation\Graph\Nodes\Animation_RuntimeGraphNode_Events.cpp">
      <Filter>Animation\Graph\Nodes</Filter>
    </ClCompile>
    <ClCompile Include="Animation\Graph\Nodes\Animation_RuntimeGraphNode_Floats.cpp">
      <Filter>Animation\Graph\Nodes</Filter>
    </ClCompile>
    <ClCompile Include="Animation\Graph\Nodes\Animation_RuntimeGraphNode_IDs.cpp">
      <Filter>Animation\Graph\Nodes</Filter>
    </ClCompile>
    <ClCompile Include="Animation\Graph\Nodes\Animation_RuntimeGraphNode_Layers.cpp">
      <Filter>Animation\Graph\Nodes</Filter>
    </ClCompile>
    <ClCompile Include="Animation\Graph\Nodes\Animation_RuntimeGraphNode_Parameters.cpp">
      <Filter>Animation\Graph\Nodes</Filter>
    </ClCompile>
    <ClCompile Include="Animation\Graph\Nodes\Animation_RuntimeGraphNode_Passthrough.cpp">
      <Filter>Animation\Graph\Nodes</Filter>
    </ClCompile>
    <ClCompile Include="Animation\Graph\Nodes\Animation_RuntimeGraphNode_Pose.cpp">
      <Filter>Animation\Graph\Nodes</Filter>
    </ClCompile>
    <ClCompile Include="Animation\Graph\Nodes\Animation_RuntimeGraphNode_PoweredRagdoll.cpp">
      <Filter>Animation\Graph\Nodes</Filter>
    </ClCompile>
    <ClCompile Include="Animation\Graph\Nodes\Animation_RuntimeGraphNode_RootMotionOverride.cpp">
      <Filter>Animation\Graph\Nodes</Filter>
    </ClCompile>
    <ClCompile Include="Animation\Graph\Nodes\Animation_RuntimeGraphNode_Selector.cpp">
      <Filter>Animation\Graph\Nodes</Filter>
    </ClCompile>
    <ClCompile Include="Animation\Graph\Nodes\Animation_RuntimeGraphNode_SpeedScale.cpp">
      <Filter>Animation\Graph\Nodes</Filter>
    </ClCompile>
    <ClCompile Include="Animation\Graph\Nodes\Animation_RuntimeGraphNode_State.cpp">
      <Filter>Animation\Graph\Nodes</Filter>
    </ClCompile>
    <ClCompile Include="Animation\Graph\Nodes\Animation_RuntimeGraphNode_StateConditions.cpp">
      <Filter>Animation\Graph\Nodes</Filter>
    </ClCompile>
    <ClCompile Include="Animation\Graph\Nodes\Animation_RuntimeGraphNode_StateMachine.cpp">
      <Filter>Animation\Graph\Nodes</Filter>
    </ClCompile>
    <ClCompile Include="Animation\Graph\Nodes\Animation_RuntimeGraphNode_Targets.cpp">
      <Filter>Animation\Graph\Nodes</Filter>
    </ClCompile>
    <ClCompile Include="Animation\Graph\Nodes\Animation_RuntimeGraphNode_Transition.cpp">
      <Filter>Animation\Graph\Nodes</Filter>
    </ClCompile>
    <ClCompile Include="Animation\Graph\Nodes\Animation_RuntimeGraphNode_Vectors.cpp">
      <Filter>Animation\Graph\Nodes</Filter>
    </ClCompile>
    <ClCompile Include="Animation\Graph\Nodes\Animation_RuntimeGraphNode_OrientationWarp.cpp">
      <Filter>Animation\Graph\Nodes</Filter>
    </ClCompile>
    <ClCompile Include="Animation\Graph\Nodes\Animation_RuntimeGraphNode_TwoBoneIK.cpp">
      <Filter>Animation\Graph\Nodes</Filter>
    </ClCompile>
    <ClCompile Include="Animation\IK\TwoBoneIK.cpp">
      <Filter>Animation\IK</Filter>
    </ClCompile>
    <ClCompile Include="Animation\Debug\DebugView_Animation.cpp">
      <Filter>Animation\Debug</Filter>
    </ClCompile>
    <ClCompile Include="Animation\Events\AnimationEvent_Transition.cpp">
      <Filter>Animation\Events</Filter>
    </ClCompile>
    <ClCompile Include="Animation\Events\AnimationEvent_Foot.cpp">
      <Filter>Animation\Events</Filter>
    </ClCompile>
    <ClCompile Include="Animation\Events\AnimationEvent_Warp.cpp">
      <Filter>Animation\Events</Filter>
    </ClCompile>
    <ClCompile Include="Animation\Systems\EntitySystem_Animation.cpp">
      <Filter>Animation\Systems</Filter>
    </ClCompile>
    <ClCompile Include="Animation\Systems\WorldSystem_Animation.cpp">
      <Filter>Animation\Systems</Filter>
    </ClCompile>
    <ClCompile Include="Animation\TaskSystem\Animation_BoneMaskPool.cpp">
      <Filter>Animation\TaskSystem</Filter>
    </ClCompile>
    <ClCompile Include="Animation\TaskSystem\Animation_BoneMaskTask.cpp">
      <Filter>Animation\TaskSystem</Filter>
    </ClCompile>
    <ClCompile Include="Animation\TaskSystem\Animation_PoseTask.cpp">
      <Filter>Animation\TaskSystem</Filter>
    </ClCompile>
    <ClCompile Include="Animation\TaskSystem\Animation_TaskPosePool.cpp">
      <Filter>Animation\TaskSystem</Filter>
    </ClCompile>
    <ClCompile Include="Animation\TaskSystem\Animation_TaskSystem.cpp">
      <Filter>Animation\TaskSystem</Filter>
    </ClCompile>
    <ClCompile Include="Animation\TaskSystem\Animation_TaskSerializer.cpp">
      <Filter>Animation\TaskSystem</Filter>
    </ClCompile>
    <ClCompile Include="Animation\TaskSystem\Tasks\Animation_Task_FootIK.cpp">
      <Filter>Animation\TaskSystem\Tasks</Filter>
    </ClCompile>
    <ClCompile Include="Animation\TaskSystem\Tasks\Animation_Task_Scale.cpp">
      <Filter>Animation\TaskSystem\Tasks</Filter>
    </ClCompile>
    <ClCompile Include="Animation\TaskSystem\Tasks\Animation_Task_Blend.cpp">
      <Filter>Animation\TaskSystem\Tasks</Filter>
    </ClCompile>
    <ClCompile Include="Animation\TaskSystem\Tasks\Animation_Task_CachedPose.cpp">
      <Filter>Animation\TaskSystem\Tasks</Filter>
    </ClCompile>
    <ClCompile Include="Animation\TaskSystem\Tasks\Animation_Task_DefaultPose.cpp">
      <Filter>Animation\TaskSystem\Tasks</Filter>
    </ClCompile>
    <ClCompile Include="Animation\TaskSystem\Tasks\Animation_Task_Ragdoll.cpp">
      <Filter>Animation\TaskSystem\Tasks</Filter>
    </ClCompile>
    <ClCompile Include="Animation\TaskSystem\Tasks\Animation_Task_Sample.cpp">
      <Filter>Animation\TaskSystem\Tasks</Filter>
    </ClCompile>
    <ClCompile Include="Animation\TaskSystem\Tasks\Animation_Task_TwoBoneIK.cpp">
      <Filter>Animation\TaskSystem\Tasks</Filter>
    </ClCompile>
    <ClCompile Include="Animation\Components\Component_AnimationClipPlayer.cpp">
      <Filter>Animation\Components</Filter>
    </ClCompile>
    <ClCompile Include="Animation\Components\Component_AnimationGraph.cpp">
      <Filter>Animation\Components</Filter>
    </ClCompile>
    <ClCompile Include="Animation\ResourceLoaders\ResourceLoader_AnimationClip.cpp">
      <Filter>Animation\ResourceLoaders</Filter>
    </ClCompile>
    <ClCompile Include="Animation\ResourceLoaders\ResourceLoader_AnimationGraph.cpp">
      <Filter>Animation\ResourceLoaders</Filter>
    </ClCompile>
    <ClCompile Include="Animation\ResourceLoaders\ResourceLoader_AnimationSkeleton.cpp">
      <Filter>Animation\ResourceLoaders</Filter>
    </ClCompile>
    <ClCompile Include="Debug\DebugView.cpp">
      <Filter>Debug</Filter>
    </ClCompile>
    <ClCompile Include="Debug\Widgets\MemoryTrackerWidget.cpp">
      <Filter>Debug\Widgets</Filter>
    </ClCompile>
    <ClCompile Include="Debug\Widgets\FrameLimiterWidget.cpp">
      <Filter>Debug\Widgets</Filter>
    </ClCompile>
    <ClCompile Include="Debug\Widgets\SystemLogWidget.cpp">
      <Filter>Debug\Widgets</Filter>
    </ClCompile>
    <ClCompile Include="Debug\Widgets\PerformanceStatsWidget.cpp">
      <Filter>Debug\Widgets</Filter>
    </ClCompile>
    <ClCompile Include="Input\GameInput.cpp">
      <Filter>Input</Filter>
    </ClCompile>
    <ClCompile Include="Input\GameInputUpdaters.cpp">
      <Filter>Input</Filter>
    </ClCompile>
    <ClCompile Include="Input\Components\Component_GameInput.cpp">
      <Filter>Input\Components</Filter>
    </ClCompile>
    <ClCompile Include="Input\Systems\WorldSystem_GameInput.cpp">
      <Filter>Input\Systems</Filter>
    </ClCompile>
    <ClCompile Include="Input\Debug\DebugView_Input.cpp">
      <Filter>Input\Debug</Filter>
    </ClCompile>
    <ClCompile Include="Physics\PhysicsTypes.cpp">
      <Filter>Physics</Filter>
    </ClCompile>
    <ClCompile Include="Physics\Physics.cpp">
      <Filter>Physics</Filter>
    </ClCompile>
    <ClCompile Include="Physics\PhysicsMaterial.cpp">
      <Filter>Physics</Filter>
    </ClCompile>
    <ClCompile Include="Physics\PhysicsCollisionMesh.cpp">
      <Filter>Physics</Filter>
    </ClCompile>
    <ClCompile Include="Physics\PhysicsWorld.cpp">
      <Filter>Physics</Filter>
    </ClCompile>
    <ClCompile Include="Physics\Debug\DebugView_Physics.cpp">
      <Filter>Physics\Debug</Filter>
    </ClCompile>
    <ClCompile Include="Physics\Systems\WorldSystem_Physics.cpp">
      <Filter>Physics\Systems</Filter>
    </ClCompile>
    <ClCompile Include="Physics\Ragdoll\PhysicsRagdoll_Definition.cpp">
      <Filter>Physics\Ragdoll</Filter>
    </ClCompile>
    <ClCompile Include="Physics\Ragdoll\PhysicsRagdoll_Instance.cpp">
      <Filter>Physics\Ragdoll</Filter>
    </ClCompile>
    <ClCompile Include="Physics\Settings\ViewportSettings_Physics.cpp">
      <Filter>Physics\Settings</Filter>
    </ClCompile>
    <ClCompile Include="Physics\Components\Component_PhysicsBox.cpp">
      <Filter>Physics\Components</Filter>
    </ClCompile>
    <ClCompile Include="Physics\Components\Component_PhysicsCapsule.cpp">
      <Filter>Physics\Components</Filter>
    </ClCompile>
    <ClCompile Include="Physics\Components\Component_PhysicsCollisionMesh.cpp">
      <Filter>Physics\Components</Filter>
    </ClCompile>
    <ClCompile Include="Physics\Components\Component_PhysicsShape.cpp">
      <Filter>Physics\Components</Filter>
    </ClCompile>
    <ClCompile Include="Physics\Components\Component_PhysicsSphere.cpp">
      <Filter>Physics\Components</Filter>
    </ClCompile>
    <ClCompile Include="Physics\ResourceLoaders\ResourceLoader_PhysicsMaterialDatabase.cpp">
      <Filter>Physics\ResourceLoaders</Filter>
    </ClCompile>
    <ClCompile Include="Physics\ResourceLoaders\ResourceLoader_PhysicsCollisionMesh.cpp">
      <Filter>Physics\ResourceLoaders</Filter>
    </ClCompile>
    <ClCompile Include="Physics\ResourceLoaders\ResourceLoader_PhysicsRagdoll.cpp">
      <Filter>Physics\ResourceLoaders</Filter>
    </ClCompile>
    <ClCompile Include="Hitbox\Hitbox_Definition.cpp">
      <Filter>Hitbox</Filter>
    </ClCompile>
    <ClCompile Include="Hitbox\Hitbox_Instance.cpp">
      <Filter>Hitbox</Filter>
    </ClCompile>
    <ClCompile Include="Hitbox\Components\Component_Hitbox.cpp">
      <Filter>Hitbox\Components</Filter>
    </ClCompile>
    <ClCompile Include="Hitbox\ResourceLoaders\ResourceLoader_Hitbox.cpp">
      <Filter>Hitbox\ResourceLoaders</Filter>
    </ClCompile>
    <ClCompile Include="Imgui\ImguiGizmo.cpp">
      <Filter>Imgui</Filter>
    </ClCompile>
    <ClCompile Include="Imgui\ImguiOrientationGuide.cpp">
      <Filter>Imgui</Filter>
    </ClCompile>
    <ClCompile Include="Imgui\Gizmos\ImguiGizmo_Base.cpp">
      <Filter>Imgui\Gizmos</Filter>
    </ClCompile>
    <ClCompile Include="Imgui\Gizmos\ImguiGizmo_Rotate.cpp">
      <Filter>Imgui\Gizmos</Filter>
    </ClCompile>
    <ClCompile Include="Imgui\Gizmos\ImguiGizmo_Scale.cpp">
      <Filter>Imgui\Gizmos</Filter>
    </ClCompile>
    <ClCompile Include="Imgui\Gizmos\ImguiGizmo_Translate.cpp">
      <Filter>Imgui\Gizmos</Filter>
    </ClCompile>
    <ClCompile Include="Entity\EntityLog.cpp">
      <Filter>Entity</Filter>
    </ClCompile>
    <ClCompile Include="Entity\EntityIDs.cpp">
      <Filter>Entity</Filter>
    </ClCompile>
    <ClCompile Include="Entity\Entity.cpp">
      <Filter>Entity</Filter>
    </ClCompile>
    <ClCompile Include="Entity\EntityComponent.cpp">
      <Filter>Entity</Filter>
    </ClCompile>
    <ClCompile Include="Entity\EntityDescriptors.cpp">
      <Filter>Entity</Filter>
    </ClCompile>
    <ClCompile Include="Entity\EntityMap.cpp">
      <Filter>Entity</Filter>
    </ClCompile>
    <ClCompile Include="Entity\EntitySpatialComponent.cpp">
      <Filter>Entity</Filter>
    </ClCompile>
    <ClCompile Include="Entity\EntityWorld.cpp">
      <Filter>Entity</Filter>
    </ClCompile>
    <ClCompile Include="Entity\EntityWorldManager.cpp">
      <Filter>Entity</Filter>
    </ClCompile>
    <ClCompile Include="Entity\EntityWorldUpdateContext.cpp">
      <Filter>Entity</Filter>
    </ClCompile>
    <ClCompile Include="Entity\Debug\DebugView_EntityWorld.cpp">
      <Filter>Entity\Debug</Filter>
    </ClCompile>
    <ClCompile Include="Entity\Systems\WorldSystem_EntityCollectionSpawner.cpp">
      <Filter>Entity\Systems</Filter>
    </ClCompile>
    <ClCompile Include="Entity\ResourceLoaders\ResourceLoader_EntityCollection.cpp">
      <Filter>Entity\ResourceLoaders</Filter>
    </ClCompile>
    <ClCompile Include="Camera\CameraMath.cpp">
      <Filter>Camera</Filter>
    </ClCompile>
    <ClCompile Include="Camera\Debug\DebugView_Camera.cpp">
      <Filter>Camera\Debug</Filter>
    </ClCompile>
    <ClCompile Include="Camera\Systems\WorldSystem_Camera.cpp">
      <Filter>Camera\Systems</Filter>
    </ClCompile>
    <ClCompile Include="Camera\Components\Component_ToolsCamera.cpp">
      <Filter>Camera\Components</Filter>
    </ClCompile>
    <ClCompile Include="Camera\Components\Component_Camera.cpp">
      <Filter>Camera\Components</Filter>
    </ClCompile>
    <ClCompile Include="ToolsUI\EngineDebugUI.cpp">
      <Filter>ToolsUI</Filter>
    </ClCompile>
    <ClCompile Include="_Module\EngineModule.cpp">
      <Filter>_Module</Filter>
    </ClCompile>
    <ClCompile Include="Volumes\Components\Component_Volumes.cpp">
      <Filter>Volumes\Components</Filter>
    </ClCompile>
    <ClCompile Include="Resource\Debug\DebugView_Resource.cpp">
      <Filter>Resource\Debug</Filter>
    </ClCompile>
    <ClCompile Include="Viewport\Viewport.cpp">
      <Filter>Viewport</Filter>
    </ClCompile>
    <ClCompile Include="Viewport\ViewportPicking.cpp">
      <Filter>Viewport</Filter>
    </ClCompile>
  </ItemGroup>
  <ItemGroup>
    <ClInclude Include="Engine.h" />
    <ClInclude Include="UpdateContext.h" />
    <ClInclude Include="UpdateStage.h" />
    <ClInclude Include="Navmesh\NavmeshPath.h">
      <Filter>Navmesh</Filter>
    </ClInclude>
    <ClInclude Include="Navmesh\NavmeshData.h">
      <Filter>Navmesh</Filter>
    </ClInclude>
    <ClInclude Include="Navmesh\NavPower.h">
      <Filter>Navmesh</Filter>
    </ClInclude>
    <ClInclude Include="Navmesh\Debug\DebugView_Navmesh.h">
      <Filter>Navmesh\Debug</Filter>
    </ClInclude>
    <ClInclude Include="Navmesh\Systems\WorldSystem_Navmesh.h">
      <Filter>Navmesh\Systems</Filter>
    </ClInclude>
    <ClInclude Include="Navmesh\Settings\ViewportSettings_Navmesh.h">
      <Filter>Navmesh\Settings</Filter>
    </ClInclude>
    <ClInclude Include="Navmesh\Components\Component_Navmesh.h">
      <Filter>Navmesh\Components</Filter>
    </ClInclude>
    <ClInclude Include="Navmesh\Components\Component_NavmeshVolumes.h">
      <Filter>Navmesh\Components</Filter>
    </ClInclude>
    <ClInclude Include="Navmesh\ResourceLoaders\ResourceLoader_Navmesh.h">
      <Filter>Navmesh\ResourceLoaders</Filter>
    </ClInclude>
    <ClInclude Include="Render\RenderAsyncResourceUpdate.h">
      <Filter>Render</Filter>
    </ClInclude>
    <ClInclude Include="Render\RenderGeometry.h">
      <Filter>Render</Filter>
    </ClInclude>
    <ClInclude Include="Render\RenderGeometryBuilder.h">
      <Filter>Render</Filter>
    </ClInclude>
    <ClInclude Include="Render\RenderMesh.h">
      <Filter>Render</Filter>
    </ClInclude>
    <ClInclude Include="Render\RenderViewLayer.h">
      <Filter>Render</Filter>
    </ClInclude>
    <ClInclude Include="Render\Renderer_ForwardShading.h">
      <Filter>Render</Filter>
    </ClInclude>
    <ClInclude Include="Render\RenderViewport.h">
      <Filter>Render</Filter>
    </ClInclude>
    <ClInclude Include="Render\RenderMaterial.h">
      <Filter>Render</Filter>
    </ClInclude>
    <ClInclude Include="Render\RenderMesh.h">
      <Filter>Render</Filter>
    </ClInclude>
    <ClInclude Include="Render\RenderTexture.h">
      <Filter>Render</Filter>
    </ClInclude>
    <ClInclude Include="Render\RenderProxies.h">
      <Filter>Render</Filter>
    </ClInclude>
    <ClInclude Include="Render\RenderSystem.h">
      <Filter>Render</Filter>
    </ClInclude>
    <ClInclude Include="Render\Device\DeviceAppendBuffer.h">
      <Filter>Render\Device</Filter>
    </ClInclude>
    <ClInclude Include="Render\Device\DeviceRadixSort.h">
      <Filter>Render\Device</Filter>
    </ClInclude>
    <ClInclude Include="Render\Device\DeviceResizeBuffer.h">
      <Filter>Render\Device</Filter>
    </ClInclude>
    <ClInclude Include="Render\Device\SpatialHash.h">
      <Filter>Render\Device</Filter>
    </ClInclude>
    <ClInclude Include="Render\Device\DeviceRenderView.h">
      <Filter>Render\Device</Filter>
    </ClInclude>
    <ClInclude Include="Render\Device\DeviceRenderWorld.h">
      <Filter>Render\Device</Filter>
    </ClInclude>
    <ClInclude Include="Render\Device\DeviceResourceState.h">
      <Filter>Render\Device</Filter>
    </ClInclude>
    <ClInclude Include="Render\Shaders\EngineShader.h">
      <Filter>Render\Shaders</Filter>
    </ClInclude>
    <ClInclude Include="Render\Imgui\ImguiImageCache.h">
      <Filter>Render\Imgui</Filter>
    </ClInclude>
    <ClInclude Include="Render\Imgui\ImguiRenderer.h">
      <Filter>Render\Imgui</Filter>
    </ClInclude>
    <ClInclude Include="Render\Systems\WorldSystem_Render.h">
      <Filter>Render\Systems</Filter>
    </ClInclude>
    <ClInclude Include="Render\Settings\ViewportSettings_Render.h">
      <Filter>Render\Settings</Filter>
    </ClInclude>
    <ClInclude Include="Render\DebugMesh\DebugMesh.h">
      <Filter>Render\DebugMesh</Filter>
    </ClInclude>
    <ClInclude Include="Render\DebugMesh\DebugMeshRegistry.h">
      <Filter>Render\DebugMesh</Filter>
    </ClInclude>
    <ClInclude Include="Render\Components\Component_EnvironmentMaps.h">
      <Filter>Render\Components</Filter>
    </ClInclude>
    <ClInclude Include="Render\Components\Component_Lights.h">
      <Filter>Render\Components</Filter>
    </ClInclude>
    <ClInclude Include="Render\Components\Component_RenderMesh.h">
      <Filter>Render\Components</Filter>
    </ClInclude>
    <ClInclude Include="Render\Components\Component_SkeletalMesh.h">
      <Filter>Render\Components</Filter>
    </ClInclude>
    <ClInclude Include="Render\Components\Component_StaticMesh.h">
      <Filter>Render\Components</Filter>
    </ClInclude>
    <ClInclude Include="Render\RenderPasses\RenderPass_DepthDownsample.h">
      <Filter>Render\RenderPasses</Filter>
    </ClInclude>
    <ClInclude Include="Render\RenderPasses\RenderPass_EditorOutline.h">
      <Filter>Render\RenderPasses</Filter>
    </ClInclude>
    <ClInclude Include="Render\RenderPasses\RenderPass.h">
      <Filter>Render\RenderPasses</Filter>
    </ClInclude>
    <ClInclude Include="Render\RenderPasses\RenderPass_CascadedShadow.h">
      <Filter>Render\RenderPasses</Filter>
    </ClInclude>
    <ClInclude Include="Render\RenderPasses\RenderPass_DebugDraw.h">
      <Filter>Render\RenderPasses</Filter>
    </ClInclude>
    <ClInclude Include="Render\RenderPasses\RenderPass_ForwardShading.h">
      <Filter>Render\RenderPasses</Filter>
    </ClInclude>
    <ClInclude Include="Render\RenderPasses\RenderPass_GlobalEnvironmentMap.h">
      <Filter>Render\RenderPasses</Filter>
    </ClInclude>
    <ClInclude Include="Render\RenderPasses\RenderPass_PostProcess.h">
      <Filter>Render\RenderPasses</Filter>
    </ClInclude>
    <ClInclude Include="Render\RenderPasses\RenderPass_SMAA.h">
      <Filter>Render\RenderPasses</Filter>
    </ClInclude>
    <ClInclude Include="Render\RenderPasses\RenderPass_GTAO.h">
      <Filter>Render\RenderPasses</Filter>
    </ClInclude>
    <ClInclude Include="Render\ResourceLoaders\ResourceLoader_RenderMaterial.h">
      <Filter>Render\ResourceLoaders</Filter>
    </ClInclude>
    <ClInclude Include="Render\ResourceLoaders\ResourceLoader_RenderMesh.h">
      <Filter>Render\ResourceLoaders</Filter>
    </ClInclude>
    <ClInclude Include="Render\ResourceLoaders\ResourceLoader_RenderTexture.h">
      <Filter>Render\ResourceLoaders</Filter>
    </ClInclude>
    <ClInclude Include="ThirdParty\box3d\src\aabb.h">
      <Filter>ThirdParty\box3d\src</Filter>
    </ClInclude>
    <ClInclude Include="ThirdParty\box3d\src\algorithm.h">
      <Filter>ThirdParty\box3d\src</Filter>
    </ClInclude>
    <ClInclude Include="ThirdParty\box3d\src\arena_allocator.h">
      <Filter>ThirdParty\box3d\src</Filter>
    </ClInclude>
    <ClInclude Include="ThirdParty\box3d\src\bitset.h">
      <Filter>ThirdParty\box3d\src</Filter>
    </ClInclude>
    <ClInclude Include="ThirdParty\box3d\src\block_allocator.h">
      <Filter>ThirdParty\box3d\src</Filter>
    </ClInclude>
    <ClInclude Include="ThirdParty\box3d\src\body.h">
      <Filter>ThirdParty\box3d\src</Filter>
    </ClInclude>
    <ClInclude Include="ThirdParty\box3d\src\broad_phase.h">
      <Filter>ThirdParty\box3d\src</Filter>
    </ClInclude>
    <ClInclude Include="ThirdParty\box3d\src\compound.h">
      <Filter>ThirdParty\box3d\src</Filter>
    </ClInclude>
    <ClInclude Include="ThirdParty\box3d\src\constraint_graph.h">
      <Filter>ThirdParty\box3d\src</Filter>
    </ClInclude>
    <ClInclude Include="ThirdParty\box3d\src\contact.h">
      <Filter>ThirdParty\box3d\src</Filter>
    </ClInclude>
    <ClInclude Include="ThirdParty\box3d\src\contact_solver.h">
      <Filter>ThirdParty\box3d\src</Filter>
    </ClInclude>
    <ClInclude Include="ThirdParty\box3d\src\container.h">
      <Filter>ThirdParty\box3d\src</Filter>
    </ClInclude>
    <ClInclude Include="ThirdParty\box3d\src\core.h">
      <Filter>ThirdParty\box3d\src</Filter>
    </ClInclude>
    <ClInclude Include="ThirdParty\box3d\src\ctz.h">
      <Filter>ThirdParty\box3d\src</Filter>
    </ClInclude>
    <ClInclude Include="ThirdParty\box3d\src\hull_map.h">
      <Filter>ThirdParty\box3d\src</Filter>
    </ClInclude>
    <ClInclude Include="ThirdParty\box3d\src\id_pool.h">
      <Filter>ThirdParty\box3d\src</Filter>
    </ClInclude>
    <ClInclude Include="ThirdParty\box3d\src\island.h">
      <Filter>ThirdParty\box3d\src</Filter>
    </ClInclude>
    <ClInclude Include="ThirdParty\box3d\src\joint.h">
      <Filter>ThirdParty\box3d\src</Filter>
    </ClInclude>
    <ClInclude Include="ThirdParty\box3d\src\manifold.h">
      <Filter>ThirdParty\box3d\src</Filter>
    </ClInclude>
    <ClInclude Include="ThirdParty\box3d\src\math_internal.h">
      <Filter>ThirdParty\box3d\src</Filter>
    </ClInclude>
    <ClInclude Include="ThirdParty\box3d\src\name_cache.h">
      <Filter>ThirdParty\box3d\src</Filter>
    </ClInclude>
    <ClInclude Include="ThirdParty\box3d\src\parallel_for.h">
      <Filter>ThirdParty\box3d\src</Filter>
    </ClInclude>
    <ClInclude Include="ThirdParty\box3d\src\physics_world.h">
      <Filter>ThirdParty\box3d\src</Filter>
    </ClInclude>
    <ClInclude Include="ThirdParty\box3d\src\platform.h">
      <Filter>ThirdParty\box3d\src</Filter>
    </ClInclude>
    <ClInclude Include="ThirdParty\box3d\src\qsort.h">
      <Filter>ThirdParty\box3d\src</Filter>
    </ClInclude>
    <ClInclude Include="ThirdParty\box3d\src\recording.h">
      <Filter>ThirdParty\box3d\src</Filter>
    </ClInclude>
    <ClInclude Include="ThirdParty\box3d\src\recording_replay.h">
      <Filter>ThirdParty\box3d\src</Filter>
    </ClInclude>
    <ClInclude Include="ThirdParty\box3d\src\scheduler.h">
      <Filter>ThirdParty\box3d\src</Filter>
    </ClInclude>
    <ClInclude Include="ThirdParty\box3d\src\sensor.h">
      <Filter>ThirdParty\box3d\src</Filter>
    </ClInclude>
    <ClInclude Include="ThirdParty\box3d\src\shape.h">
      <Filter>ThirdParty\box3d\src</Filter>
    </ClInclude>
    <ClInclude Include="ThirdParty\box3d\src\simd.h">
      <Filter>ThirdParty\box3d\src</Filter>
    </ClInclude>
    <ClInclude Include="ThirdParty\box3d\src\solver.h">
      <Filter>ThirdParty\box3d\src</Filter>
    </ClInclude>
    <ClInclude Include="ThirdParty\box3d\src\solver_set.h">
      <Filter>ThirdParty\box3d\src</Filter>
    </ClInclude>
    <ClInclude Include="ThirdParty\box3d\src\table.h">
      <Filter>ThirdParty\box3d\src</Filter>
    </ClInclude>
    <ClInclude Include="ThirdParty\box3d\src\verstable.h">
      <Filter>ThirdParty\box3d\src</Filter>
    </ClInclude>
    <ClInclude Include="ThirdParty\box3d\src\world_snapshot.h">
      <Filter>ThirdParty\box3d\src</Filter>
    </ClInclude>
    <ClInclude Include="ThirdParty\box3d\include\box3d\base.h">
      <Filter>ThirdParty\box3d\include\box3d</Filter>
    </ClInclude>
    <ClInclude Include="ThirdParty\box3d\include\box3d\box3d.h">
      <Filter>ThirdParty\box3d\include\box3d</Filter>
    </ClInclude>
    <ClInclude Include="ThirdParty\box3d\include\box3d\collision.h">
      <Filter>ThirdParty\box3d\include\box3d</Filter>
    </ClInclude>
    <ClInclude Include="ThirdParty\box3d\include\box3d\config.h">
      <Filter>ThirdParty\box3d\include\box3d</Filter>
    </ClInclude>
    <ClInclude Include="ThirdParty\box3d\include\box3d\constants.h">
      <Filter>ThirdParty\box3d\include\box3d</Filter>
    </ClInclude>
    <ClInclude Include="ThirdParty\box3d\include\box3d\id.h">
      <Filter>ThirdParty\box3d\include\box3d</Filter>
    </ClInclude>
    <ClInclude Include="ThirdParty\box3d\include\box3d\math_functions.h">
      <Filter>ThirdParty\box3d\include\box3d</Filter>
    </ClInclude>
    <ClInclude Include="ThirdParty\box3d\include\box3d\types.h">
      <Filter>ThirdParty\box3d\include\box3d</Filter>
    </ClInclude>
    <ClInclude Include="ThirdParty\meshoptimizer\meshoptimizer_esoterica.h">
      <Filter>ThirdParty\meshoptimizer</Filter>
    </ClInclude>
    <ClInclude Include="Animation\AnimationFloatChannels.h">
      <Filter>Animation</Filter>
    </ClInclude>
    <ClInclude Include="Animation\AnimationBlender.h">
      <Filter>Animation</Filter>
    </ClInclude>
    <ClInclude Include="Animation\AnimationBoneMask.h">
      <Filter>Animation</Filter>
    </ClInclude>
    <ClInclude Include="Animation\AnimationClip.h">
      <Filter>Animation</Filter>
    </ClInclude>
    <ClInclude Include="Animation\AnimationEvent.h">
      <Filter>Animation</Filter>
    </ClInclude>
    <ClInclude Include="Animation\AnimationFrameTime.h">
      <Filter>Animation</Filter>
    </ClInclude>
    <ClInclude Include="Animation\AnimationPose.h">
      <Filter>Animation</Filter>
    </ClInclude>
    <ClInclude Include="Animation\AnimationRootMotion.h">
      <Filter>Animation</Filter>
    </ClInclude>
    <ClInclude Include="Animation\AnimationSkeleton.h">
      <Filter>Animation</Filter>
    </ClInclude>
    <ClInclude Include="Animation\AnimationSyncTrack.h">
      <Filter>Animation</Filter>
    </ClInclude>
    <ClInclude Include="Animation\AnimationTarget.h">
      <Filter>Animation</Filter>
    </ClInclude>
    <ClInclude Include="Animation\AnimationSourcePath.h">
      <Filter>Animation</Filter>
    </ClInclude>
    <ClInclude Include="Animation\Graph\Animation_RuntimeGraph_TimingInfo.h">
      <Filter>Animation\Graph</Filter>
    </ClInclude>
    <ClInclude Include="Animation\Graph\Animation_RuntimeGraph_Recording.h">
      <Filter>Animation\Graph</Filter>
    </ClInclude>
    <ClInclude Include="Animation\Graph\Animation_RuntimeGraph_Context.h">
      <Filter>Animation\Graph</Filter>
    </ClInclude>
    <ClInclude Include="Animation\Graph\Animation_RuntimeGraph_Controller.h">
      <Filter>Animation\Graph</Filter>
    </ClInclude>
    <ClInclude Include="Animation\Graph\Animation_RuntimeGraph_SampledEvents.h">
      <Filter>Animation\Graph</Filter>
    </ClInclude>
    <ClInclude Include="Animation\Graph\Animation_RuntimeGraph_Instance.h">
      <Filter>Animation\Graph</Filter>
    </ClInclude>
    <ClInclude Include="Animation\Graph\Animation_RuntimeGraph_Node.h">
      <Filter>Animation\Graph</Filter>
    </ClInclude>
    <ClInclude Include="Animation\Graph\Animation_RuntimeGraph_Definition.h">
      <Filter>Animation\Graph</Filter>
    </ClInclude>
    <ClInclude Include="Animation\Graph\Animation_RuntimeGraph_RootMotionDebugger.h">
      <Filter>Animation\Graph</Filter>
    </ClInclude>
    <ClInclude Include="Animation\Graph\Animation_RuntimeGraph_ValueTypes.h">
      <Filter>Animation\Graph</Filter>
    </ClInclude>
    <ClInclude Include="Animation\Graph\Nodes\Animation_RuntimeGraphNode_TimeControlledAnimationClip.h">
      <Filter>Animation\Graph\Nodes</Filter>
    </ClInclude>
    <ClInclude Include="Animation\Graph\Nodes\Animation_RuntimeGraphNode_FootIK.h">
      <Filter>Animation\Graph\Nodes</Filter>
    </ClInclude>
    <ClInclude Include="Animation\Graph\Nodes\Animation_RuntimeGraphNode_ExternalPose.h">
      <Filter>Animation\Graph\Nodes</Filter>
    </ClInclude>
    <ClInclude Include="Animation\Graph\Nodes\Animation_RuntimeGraphNode_TargetSelector.h">
      <Filter>Animation\Graph\Nodes</Filter>
    </ClInclude>
    <ClInclude Include="Animation\Graph\Nodes\Animation_RuntimeGraphNode_Scale.h">
      <Filter>Animation\Graph\Nodes</Filter>
    </ClInclude>
    <ClInclude Include="Animation\Graph\Nodes\Animation_RuntimeGraphNode_Blend2D.h">
      <Filter>Animation\Graph\Nodes</Filter>
    </ClInclude>
    <ClInclude Include="Animation\Graph\Nodes\Animation_RuntimeGraphNode_TargetWarp.h">
      <Filter>Animation\Graph\Nodes</Filter>
    </ClInclude>
    <ClInclude Include="Animation\Graph\Nodes\Animation_RuntimeGraphNode_SimulatedRagdoll.h">
      <Filter>Animation\Graph\Nodes</Filter>
    </ClInclude>
    <ClInclude Include="Animation\Graph\Nodes\Animation_RuntimeGraphNode_ReferencedGraph.h">
      <Filter>Animation\Graph\Nodes</Filter>
    </ClInclude>
    <ClInclude Include="Animation\Graph\Nodes\Animation_RuntimeGraphNode_AnimationClip.h">
      <Filter>Animation\Graph\Nodes</Filter>
    </ClInclude>
    <ClInclude Include="Animation\Graph\Nodes\Animation_RuntimeGraphNode_Blend1D.h">
      <Filter>Animation\Graph\Nodes</Filter>
    </ClInclude>
    <ClInclude Include="Animation\Graph\Nodes\Animation_RuntimeGraphNode_BoneMasks.h">
      <Filter>Animation\Graph\Nodes</Filter>
    </ClInclude>
    <ClInclude Include="Animation\Graph\Nodes\Animation_RuntimeGraphNode_Bools.h">
      <Filter>Animation\Graph\Nodes</Filter>
    </ClInclude>
    <ClInclude Include="Animation\Graph\Nodes\Animation_RuntimeGraphNode_CachedValues.h">
      <Filter>Animation\Graph\Nodes</Filter>
    </ClInclude>
    <ClInclude Include="Animation\Graph\Nodes\Animation_RuntimeGraphNode_ConstValues.h">
      <Filter>Animation\Graph\Nodes</Filter>
    </ClInclude>
    <ClInclude Include="Animation\Graph\Nodes\Animation_RuntimeGraphNode_Events.h">
      <Filter>Animation\Graph\Nodes</Filter>
    </ClInclude>
    <ClInclude Include="Animation\Graph\Nodes\Animation_RuntimeGraphNode_Floats.h">
      <Filter>Animation\Graph\Nodes</Filter>
    </ClInclude>
    <ClInclude Include="Animation\Graph\Nodes\Animation_RuntimeGraphNode_IDs.h">
      <Filter>Animation\Graph\Nodes</Filter>
    </ClInclude>
    <ClInclude Include="Animation\Graph\Nodes\Animation_RuntimeGraphNode_Layers.h">
      <Filter>Animation\Graph\Nodes</Filter>
    </ClInclude>
    <ClInclude Include="Animation\Graph\Nodes\Animation_RuntimeGraphNode_Parameters.h">
      <Filter>Animation\Graph\Nodes</Filter>
    </ClInclude>
    <ClInclude Include="Animation\Graph\Nodes\Animation_RuntimeGraphNode_Passthrough.h">
      <Filter>Animation\Graph\Nodes</Filter>
    </ClInclude>
    <ClInclude Include="Animation\Graph\Nodes\Animation_RuntimeGraphNode_Pose.h">
      <Filter>Animation\Graph\Nodes</Filter>
    </ClInclude>
    <ClInclude Include="Animation\Graph\Nodes\Animation_RuntimeGraphNode_PoweredRagdoll.h">
      <Filter>Animation\Graph\Nodes</Filter>
    </ClInclude>
    <ClInclude Include="Animation\Graph\Nodes\Animation_RuntimeGraphNode_RootMotionOverride.h">
      <Filter>Animation\Graph\Nodes</Filter>
    </ClInclude>
    <ClInclude Include="Animation\Graph\Nodes\Animation_RuntimeGraphNode_Selector.h">
      <Filter>Animation\Graph\Nodes</Filter>
    </ClInclude>
    <ClInclude Include="Animation\Graph\Nodes\Animation_RuntimeGraphNode_SpeedScale.h">
      <Filter>Animation\Graph\Nodes</Filter>
    </ClInclude>
    <ClInclude Include="Animation\Graph\Nodes\Animation_RuntimeGraphNode_State.h">
      <Filter>Animation\Graph\Nodes</Filter>
    </ClInclude>
    <ClInclude Include="Animation\Graph\Nodes\Animation_RuntimeGraphNode_StateConditions.h">
      <Filter>Animation\Graph\Nodes</Filter>
    </ClInclude>
    <ClInclude Include="Animation\Graph\Nodes\Animation_RuntimeGraphNode_StateMachine.h">
      <Filter>Animation\Graph\Nodes</Filter>
    </ClInclude>
    <ClInclude Include="Animation\Graph\Nodes\Animation_RuntimeGraphNode_Targets.h">
      <Filter>Animation\Graph\Nodes</Filter>
    </ClInclude>
    <ClInclude Include="Animation\Graph\Nodes\Animation_RuntimeGraphNode_Transition.h">
      <Filter>Animation\Graph\Nodes</Filter>
    </ClInclude>
    <ClInclude Include="Animation\Graph\Nodes\Animation_RuntimeGraphNode_Vectors.h">
      <Filter>Animation\Graph\Nodes</Filter>
    </ClInclude>
    <ClInclude Include="Animation\Graph\Nodes\Animation_RuntimeGraphNode_OrientationWarp.h">
      <Filter>Animation\Graph\Nodes</Filter>
    </ClInclude>
    <ClInclude Include="Animation\Graph\Nodes\Animation_RuntimeGraphNode_TwoBoneIK.h">
      <Filter>Animation\Graph\Nodes</Filter>
    </ClInclude>
    <ClInclude Include="Animation\IK\IK.h">
      <Filter>Animation\IK</Filter>
    </ClInclude>
    <ClInclude Include="Animation\IK\TwoBoneIK.h">
      <Filter>Animation\IK</Filter>
    </ClInclude>
    <ClInclude Include="Animation\Debug\DebugView_Animation.h">
      <Filter>Animation\Debug</Filter>
    </ClInclude>
    <ClInclude Include="Animation\Events\AnimationEvent_FloatCurve.h">
      <Filter>Animation\Events</Filter>
    </ClInclude>
    <ClInclude Include="Animation\Events\AnimationEvent_SnapToFrame.h">
      <Filter>Animation\Events</Filter>
    </ClInclude>
    <ClInclude Include="Animation\Events\AnimationEvent_RootMotion.h">
      <Filter>Animation\Events</Filter>
    </ClInclude>
    <ClInclude Include="Animation\Events\AnimationEvent_Transition.h">
      <Filter>Animation\Events</Filter>
    </ClInclude>
    <ClInclude Include="Animation\Events\AnimationEvent_Ragdoll.h">
      <Filter>Animation\Events</Filter>
    </ClInclude>
    <ClInclude Include="Animation\Events\AnimationEvent_Foot.h">
      <Filter>Animation\Events</Filter>
    </ClInclude>
    <ClInclude Include="Animation\Events\AnimationEvent_ID.h">
      <Filter>Animation\Events</Filter>
    </ClInclude>
    <ClInclude Include="Animation\Events\AnimationEvent_Warp.h">
      <Filter>Animation\Events</Filter>
    </ClInclude>
    <ClInclude Include="Animation\Systems\EntitySystem_Animation.h">
      <Filter>Animation\Systems</Filter>
    </ClInclude>
    <ClInclude Include="Animation\Systems\WorldSystem_Animation.h">
      <Filter>Animation\Systems</Filter>
    </ClInclude>
    <ClInclude Include="Animation\TaskSystem\Animation_BoneMaskPool.h">
      <Filter>Animation\TaskSystem</Filter>
    </ClInclude>
    <ClInclude Include="Animation\TaskSystem\Animation_BoneMaskTask.h">
      <Filter>Animation\TaskSystem</Filter>
    </ClInclude>
    <ClInclude Include="Animation\TaskSystem\Animation_PoseTask.h">
      <Filter>Animation\TaskSystem</Filter>
    </ClInclude>
    <ClInclude Include="Animation\TaskSystem\Animation_TaskPosePool.h">
      <Filter>Animation\TaskSystem</Filter>
    </ClInclude>
    <ClInclude Include="Animation\TaskSystem\Animation_TaskSystem.h">
      <Filter>Animation\TaskSystem</Filter>
    </ClInclude>
    <ClInclude Include="Animation\TaskSystem\Animation_TaskSerializer.h">
      <Filter>Animation\TaskSystem</Filter>
    </ClInclude>
    <ClInclude Include="Animation\TaskSystem\Tasks\Animation_Task_FootIK.h">
      <Filter>Animation\TaskSystem\Tasks</Filter>
    </ClInclude>
    <ClInclude Include="Animation\TaskSystem\Tasks\Animation_Task_Scale.h">
      <Filter>Animation\TaskSystem\Tasks</Filter>
    </ClInclude>
    <ClInclude Include="Animation\TaskSystem\Tasks\Animation_Task_Blend.h">
      <Filter>Animation\TaskSystem\Tasks</Filter>
    </ClInclude>
    <ClInclude Include="Animation\TaskSystem\Tasks\Animation_Task_CachedPose.h">
      <Filter>Animation\TaskSystem\Tasks</Filter>
    </ClInclude>
    <ClInclude Include="Animation\TaskSystem\Tasks\Animation_Task_DefaultPose.h">
      <Filter>Animation\TaskSystem\Tasks</Filter>
    </ClInclude>
    <ClInclude Include="Animation\TaskSystem\Tasks\Animation_Task_Ragdoll.h">
      <Filter>Animation\TaskSystem\Tasks</Filter>
    </ClInclude>
    <ClInclude Include="Animation\TaskSystem\Tasks\Animation_Task_Sample.h">
      <Filter>Animation\TaskSystem\Tasks</Filter>
    </ClInclude>
    <ClInclude Include="Animation\TaskSystem\Tasks\Animation_Task_TwoBoneIK.h">
      <Filter>Animation\TaskSystem\Tasks</Filter>
    </ClInclude>
    <ClInclude Include="Animation\Components\Component_AnimationClipPlayer.h">
      <Filter>Animation\Components</Filter>
    </ClInclude>
    <ClInclude Include="Animation\Components\Component_AnimationGraph.h">
      <Filter>Animation\Components</Filter>
    </ClInclude>
    <ClInclude Include="Animation\ResourceLoaders\ResourceLoader_AnimationClip.h">
      <Filter>Animation\ResourceLoaders</Filter>
    </ClInclude>
    <ClInclude Include="Animation\ResourceLoaders\ResourceLoader_AnimationGraph.h">
      <Filter>Animation\ResourceLoaders</Filter>
    </ClInclude>
    <ClInclude Include="Animation\ResourceLoaders\ResourceLoader_AnimationSkeleton.h">
      <Filter>Animation\ResourceLoaders</Filter>
    </ClInclude>
    <ClInclude Include="Debug\DebugView.h">
      <Filter>Debug</Filter>
    </ClInclude>
    <ClInclude Include="Debug\Widgets\MemoryTrackerWidget.h">
      <Filter>Debug\Widgets</Filter>
    </ClInclude>
    <ClInclude Include="Debug\Widgets\FrameLimiterWidget.h">
      <Filter>Debug\Widgets</Filter>
    </ClInclude>
    <ClInclude Include="Debug\Widgets\SystemLogWidget.h">
      <Filter>Debug\Widgets</Filter>
    </ClInclude>
    <ClInclude Include="Debug\Widgets\PerformanceStatsWidget.h">
      <Filter>Debug\Widgets</Filter>
    </ClInclude>
    <ClInclude Include="Input\GameInput.h">
      <Filter>Input</Filter>
    </ClInclude>
    <ClInclude Include="Input\GameInputUpdaters.h">
      <Filter>Input</Filter>
    </ClInclude>
    <ClInclude Include="Input\Components\Component_GameInput.h">
      <Filter>Input\Components</Filter>
    </ClInclude>
    <ClInclude Include="Input\Systems\WorldSystem_GameInput.h">
      <Filter>Input\Systems</Filter>
    </ClInclude>
    <ClInclude Include="Input\Debug\DebugView_Input.h">
      <Filter>Input\Debug</Filter>
    </ClInclude>
    <ClInclude Include="Physics\PhysicsCollisionSettings.h">
      <Filter>Physics</Filter>
    </ClInclude>
    <ClInclude Include="Physics\PhysicsQuery.h">
      <Filter>Physics</Filter>
    </ClInclude>
    <ClInclude Include="Physics\PhysicsTypes.h">
      <Filter>Physics</Filter>
    </ClInclude>
    <ClInclude Include="Physics\Physics.h">
      <Filter>Physics</Filter>
    </ClInclude>
    <ClInclude Include="Physics\PhysicsMaterial.h">
      <Filter>Physics</Filter>
    </ClInclude>
    <ClInclude Include="Physics\PhysicsCollisionMesh.h">
      <Filter>Physics</Filter>
    </ClInclude>
    <ClInclude Include="Physics\PhysicsWorld.h">
      <Filter>Physics</Filter>
    </ClInclude>
    <ClInclude Include="Physics\Debug\DebugView_Physics.h">
      <Filter>Physics\Debug</Filter>
    </ClInclude>
    <ClInclude Include="Physics\Systems\WorldSystem_Physics.h">
      <Filter>Physics\Systems</Filter>
    </ClInclude>
    <ClInclude Include="Physics\Ragdoll\PhysicsRagdoll_Definition.h">
      <Filter>Physics\Ragdoll</Filter>
    </ClInclude>
    <ClInclude Include="Physics\Ragdoll\PhysicsRagdoll_Instance.h">
      <Filter>Physics\Ragdoll</Filter>
    </ClInclude>
    <ClInclude Include="Physics\Settings\ViewportSettings_Physics.h">
      <Filter>Physics\Settings</Filter>
    </ClInclude>
    <ClInclude Include="Physics\Components\Component_PhysicsBox.h">
      <Filter>Physics\Components</Filter>
    </ClInclude>
    <ClInclude Include="Physics\Components\Component_PhysicsCapsule.h">
      <Filter>Physics\Components</Filter>
    </ClInclude>
    <ClInclude Include="Physics\Components\Component_PhysicsCollisionMesh.h">
      <Filter>Physics\Components</Filter>
    </ClInclude>
    <ClInclude Include="Physics\Components\Component_PhysicsShape.h">
      <Filter>Physics\Components</Filter>
    </ClInclude>
    <ClInclude Include="Physics\Components\Component_PhysicsSphere.h">
      <Filter>Physics\Components</Filter>
    </ClInclude>
    <ClInclude Include="Physics\ResourceLoaders\ResourceLoader_PhysicsMaterialDatabase.h">
      <Filter>Physics\ResourceLoaders</Filter>
    </ClInclude>
    <ClInclude Include="Physics\ResourceLoaders\ResourceLoader_PhysicsCollisionMesh.h">
      <Filter>Physics\ResourceLoaders</Filter>
    </ClInclude>
    <ClInclude Include="Physics\ResourceLoaders\ResourceLoader_PhysicsRagdoll.h">
      <Filter>Physics\ResourceLoaders</Filter>
    </ClInclude>
    <ClInclude Include="Hitbox\Hitbox_Definition.h">
      <Filter>Hitbox</Filter>
    </ClInclude>
    <ClInclude Include="Hitbox\Hitbox_Instance.h">
      <Filter>Hitbox</Filter>
    </ClInclude>
    <ClInclude Include="Hitbox\Components\Component_Hitbox.h">
      <Filter>Hitbox\Components</Filter>
    </ClInclude>
    <ClInclude Include="Hitbox\ResourceLoaders\ResourceLoader_Hitbox.h">
      <Filter>Hitbox\ResourceLoaders</Filter>
    </ClInclude>
    <ClInclude Include="Imgui\ImguiGizmo.h">
      <Filter>Imgui</Filter>
    </ClInclude>
    <ClInclude Include="Imgui\ImguiOrientationGuide.h">
      <Filter>Imgui</Filter>
    </ClInclude>
    <ClInclude Include="Imgui\Gizmos\ImguiGizmo_Base.h">
      <Filter>Imgui\Gizmos</Filter>
    </ClInclude>
    <ClInclude Include="Imgui\Gizmos\ImguiGizmo_Rotate.h">
      <Filter>Imgui\Gizmos</Filter>
    </ClInclude>
    <ClInclude Include="Imgui\Gizmos\ImguiGizmo_Scale.h">
      <Filter>Imgui\Gizmos</Filter>
    </ClInclude>
    <ClInclude Include="Imgui\Gizmos\ImguiGizmo_Translate.h">
      <Filter>Imgui\Gizmos</Filter>
    </ClInclude>
    <ClInclude Include="Entity\EntityLoadingContext.h">
      <Filter>Entity</Filter>
    </ClInclude>
    <ClInclude Include="Entity\EntityLog.h">
      <Filter>Entity</Filter>
    </ClInclude>
    <ClInclude Include="Entity\EntityWorldSystemSignal.h">
      <Filter>Entity</Filter>
    </ClInclude>
    <ClInclude Include="Entity\EntityWorldType.h">
      <Filter>Entity</Filter>
    </ClInclude>
    <ClInclude Include="Entity\Entity.h">
      <Filter>Entity</Filter>
    </ClInclude>
    <ClInclude Include="Entity\EntityInitializationContext.h">
      <Filter>Entity</Filter>
    </ClInclude>
    <ClInclude Include="Entity\EntityComponent.h">
      <Filter>Entity</Filter>
    </ClInclude>
    <ClInclude Include="Entity\EntityDescriptors.h">
      <Filter>Entity</Filter>
    </ClInclude>
    <ClInclude Include="Entity\EntityIDs.h">
      <Filter>Entity</Filter>
    </ClInclude>
    <ClInclude Include="Entity\EntityMap.h">
      <Filter>Entity</Filter>
    </ClInclude>
    <ClInclude Include="Entity\EntitySpatialComponent.h">
      <Filter>Entity</Filter>
    </ClInclude>
    <ClInclude Include="Entity\EntitySystem.h">
      <Filter>Entity</Filter>
    </ClInclude>
    <ClInclude Include="Entity\EntityWorld.h">
      <Filter>Entity</Filter>
    </ClInclude>
    <ClInclude Include="Entity\EntityWorldManager.h">
      <Filter>Entity</Filter>
    </ClInclude>
    <ClInclude Include="Entity\EntityWorldSystem.h">
      <Filter>Entity</Filter>
    </ClInclude>
    <ClInclude Include="Entity\EntityWorldUpdateContext.h">
      <Filter>Entity</Filter>
    </ClInclude>
    <ClInclude Include="Entity\Debug\DebugView_EntityWorld.h">
      <Filter>Entity\Debug</Filter>
    </ClInclude>
    <ClInclude Include="Entity\Systems\WorldSystem_EntityCollectionSpawner.h">
      <Filter>Entity\Systems</Filter>
    </ClInclude>
    <ClInclude Include="Entity\Components\Component_EntityCollection.h">
      <Filter>Entity\Components</Filter>
    </ClInclude>
    <ClInclude Include="Entity\ResourceLoaders\ResourceLoader_EntityCollection.h">
      <Filter>Entity\ResourceLoaders</Filter>
    </ClInclude>
    <ClInclude Include="Camera\CameraMath.h">
      <Filter>Camera</Filter>
    </ClInclude>
    <ClInclude Include="Camera\Debug\DebugView_Camera.h">
      <Filter>Camera\Debug</Filter>
    </ClInclude>
    <ClInclude Include="Camera\Systems\WorldSystem_Camera.h">
      <Filter>Camera\Systems</Filter>
    </ClInclude>
    <ClInclude Include="Camera\Components\Component_ToolsCamera.h">
      <Filter>Camera\Components</Filter>
    </ClInclude>
    <ClInclude Include="Camera\Components\Component_Camera.h">
      <Filter>Camera\Components</Filter>
    </ClInclude>
    <ClInclude Include="ToolsUI\EngineDebugUI.h">
      <Filter>ToolsUI</Filter>
    </ClInclude>
    <ClInclude Include="ToolsUI\ToolsUI.h">
      <Filter>ToolsUI</Filter>
    </ClInclude>
    <ClInclude Include="_Module\API.h">
      <Filter>_Module</Filter>
    </ClInclude>
    <ClInclude Include="_Module\EngineModule.h">
      <Filter>_Module</Filter>
    </ClInclude>
    <ClInclude Include="_Module\_AutoGenerated\EngineModule.typeinfo.h">
      <Filter>_Module\_AutoGenerated</Filter>
    </ClInclude>
    <ClInclude Include="Volumes\Components\Component_Volumes.h">
      <Filter>Volumes\Components</Filter>
    </ClInclude>
    <ClInclude Include="Resource\Debug\DebugView_Resource.h">
      <Filter>Resource\Debug</Filter>
    </ClInclude>
    <ClInclude Include="Viewport\ViewportPicking.h">
      <Filter>Viewport</Filter>
    </ClInclude>
    <ClInclude Include="Viewport\ViewportSettings.h">
      <Filter>Viewport</Filter>
    </ClInclude>
    <ClInclude Include="Viewport\Viewport.h">
      <Filter>Viewport</Filter>
    </ClInclude>
  </ItemGroup>
  <ItemGroup>
    <None Include="Render\Shaders\AppendBuffer.esh">
      <Filter>Render\Shaders</Filter>
    </None>
    <None Include="Render\Shaders\BilateralUpsample.esf">
      <Filter>Render\Shaders</Filter>
    </None>
    <None Include="Render\Shaders\CommonFlags.esh">
      <Filter>Render\Shaders</Filter>
    </None>
    <None Include="Render\Shaders\CommonPacking.esh">
      <Filter>Render\Shaders</Filter>
    </None>
    <None Include="Render\Shaders\Downsample.esf">
      <Filter>Render\Shaders</Filter>
    </None>
    <None Include="Render\Shaders\EditorOutline\EditorOutline_Common.esh">
      <Filter>Render\Shaders\EditorOutline</Filter>
    </None>
    <None Include="Render\Shaders\EditorOutline\EditorOutline_Composite.esf">
      <Filter>Render\Shaders\EditorOutline</Filter>
    </None>
    <None Include="Render\Shaders\EditorOutline\EditorOutline_Initialize.esf">
      <Filter>Render\Shaders\EditorOutline</Filter>
    </None>
    <None Include="Render\Shaders\EditorOutline\EditorOutline_JumpFlood.esf">
      <Filter>Render\Shaders\EditorOutline</Filter>
    </None>
    <None Include="Render\Shaders\FullscreenTriangle.esh">
      <Filter>Render\Shaders</Filter>
    </None>
    <None Include="Render\Shaders\MeshData.esh">
      <Filter>Render\Shaders</Filter>
    </None>
    <None Include="Render\Shaders\MeshInstance.esh">
      <Filter>Render\Shaders</Filter>
    </None>
    <None Include="Render\Shaders\CommonSamplers.esh">
      <Filter>Render\Shaders</Filter>
    </None>
    <None Include="Render\Shaders\EngineShader.esh">
      <Filter>Render\Shaders</Filter>
    </None>
    <None Include="Render\Shaders\PostProcess.esf">
      <Filter>Render\Shaders</Filter>
    </None>
    <None Include="Render\Shaders\Imgui.esf">
      <Filter>Render\Shaders</Filter>
    </None>
    <None Include="Render\Shaders\SpatialHash.esh">
      <Filter>Render\Shaders</Filter>
    </None>
    <None Include="Render\Shaders\Transform.esh">
      <Filter>Render\Shaders</Filter>
    </None>
    <None Include="Render\Shaders\FFX\FFX_ParallelSort.esh">
      <Filter>Render\Shaders\FFX</Filter>
    </None>
    <None Include="Render\Shaders\FFX\FFX_ParallelSort_Count.esf">
      <Filter>Render\Shaders\FFX</Filter>
    </None>
    <None Include="Render\Shaders\FFX\FFX_ParallelSort_Reduce.esf">
      <Filter>Render\Shaders\FFX</Filter>
    </None>
    <None Include="Render\Shaders\FFX\FFX_ParallelSort_Scan.esf">
      <Filter>Render\Shaders\FFX</Filter>
    </None>
    <None Include="Render\Shaders\FFX\FFX_ParallelSort_ScanAdd.esf">
      <Filter>Render\Shaders\FFX</Filter>
    </None>
    <None Include="Render\Shaders\FFX\FFX_ParallelSort_Scatter.esf">
      <Filter>Render\Shaders\FFX</Filter>
    </None>
    <None Include="Render\Shaders\FFX\FFX_ParallelSort_ScatterPayload.esf">
      <Filter>Render\Shaders\FFX</Filter>
    </None>
    <None Include="Render\Shaders\FFX\FFX_ParallelSort_SetupIndirect.esf">
      <Filter>Render\Shaders\FFX</Filter>
    </None>
    <None Include="Render\Shaders\Renderer\CullingCompaction.esf">
      <Filter>Render\Shaders\Renderer</Filter>
    </None>
    <None Include="Render\Shaders\Renderer\CullingArgumentGeneration.esf">
      <Filter>Render\Shaders\Renderer</Filter>
    </None>
    <None Include="Render\Shaders\Renderer\DrawCompaction.esf">
      <Filter>Render\Shaders\Renderer</Filter>
    </None>
    <None Include="Render\Shaders\Renderer\DrawArgumentGeneration.esf">
      <Filter>Render\Shaders\Renderer</Filter>
    </None>
    <None Include="Render\Shaders\Renderer\ClusterCulling.esf">
      <Filter>Render\Shaders\Renderer</Filter>
    </None>
    <None Include="Render\Shaders\Renderer\ClusterToInstanceUpdate.esf">
      <Filter>Render\Shaders\Renderer</Filter>
    </None>
    <None Include="Render\Shaders\Renderer\DefaultMeshShader.esh">
      <Filter>Render\Shaders\Renderer</Filter>
    </None>
    <None Include="Render\Shaders\Renderer\InstanceCulling.esf">
      <Filter>Render\Shaders\Renderer</Filter>
    </None>
    <None Include="Render\Shaders\Renderer\LightCulling_CullLights.esf">
      <Filter>Render\Shaders\Renderer</Filter>
    </None>
    <None Include="Render\Shaders\Renderer\RendererSurfaceShaderLayout.esh">
      <Filter>Render\Shaders\Renderer</Filter>
    </None>
    <None Include="Render\Shaders\Renderer\RendererTypes.esh">
      <Filter>Render\Shaders\Renderer</Filter>
    </None>
    <None Include="Render\Shaders\Renderer\ShadowMapSampling.esh">
      <Filter>Render\Shaders\Renderer</Filter>
    </None>
    <None Include="Render\Shaders\Renderer\MaterialShaderPBR.esh">
      <Filter>Render\Shaders\Renderer</Filter>
    </None>
    <None Include="Render\Shaders\Renderer\WorldUpdate.esf">
      <Filter>Render\Shaders\Renderer</Filter>
    </None>
    <None Include="Render\Shaders\Renderer\WorldUpdate.esh">
      <Filter>Render\Shaders\Renderer</Filter>
    </None>
    <None Include="Render\Shaders\PBR\CubemapDownsample.esf">
      <Filter>Render\Shaders\PBR</Filter>
    </None>
    <None Include="Render\Shaders\PBR\IrradianceFiltering.esf">
      <Filter>Render\Shaders\PBR</Filter>
    </None>
    <None Include="Render\Shaders\PBR\PBR.esh">
      <Filter>Render\Shaders\PBR</Filter>
    </None>
    <None Include="Render\Shaders\PBR\PrecomputeDFG.esf">
      <Filter>Render\Shaders\PBR</Filter>
    </None>
    <None Include="Render\Shaders\PBR\RadianceFiltering.esf">
      <Filter>Render\Shaders\PBR</Filter>
    </None>
    <None Include="Render\Shaders\OIT\OIT.esh">
      <Filter>Render\Shaders\OIT</Filter>
    </None>
    <None Include="Render\Shaders\OIT\OITResolve.esf">
      <Filter>Render\Shaders\OIT</Filter>
    </None>
    <None Include="Render\Shaders\SMAA\SMAA.esh">
      <Filter>Render\Shaders\SMAA</Filter>
    </None>
    <None Include="Render\Shaders\SMAA\SMAA_BlendingWeightCalculation.esf">
      <Filter>Render\Shaders\SMAA</Filter>
    </None>
    <None Include="Render\Shaders\SMAA\SMAA_Configuration.esh">
      <Filter>Render\Shaders\SMAA</Filter>
    </None>
    <None Include="Render\Shaders\SMAA\SMAA_EdgeDetection.esf">
      <Filter>Render\Shaders\SMAA</Filter>
    </None>
    <None Include="Render\Shaders\SMAA\SMAA_NeighborhoodBlending.esf">
      <Filter>Render\Shaders\SMAA</Filter>
    </None>
    <None Include="Render\Shaders\GTAO\Denoise.esf">
      <Filter>Render\Shaders\GTAO</Filter>
    </None>
    <None Include="Render\Shaders\GTAO\MainPass.esf">
      <Filter>Render\Shaders\GTAO</Filter>
    </None>
    <None Include="Render\Shaders\GTAO\PrefilterDepth.esf">
      <Filter>Render\Shaders\GTAO</Filter>
    </None>
    <None Include="Render\Shaders\GTAO\XeGTAO.esh">
      <Filter>Render\Shaders\GTAO</Filter>
    </None>
    <None Include="Render\Shaders\GTAO\XeGTAO_Configuration.esh">
      <Filter>Render\Shaders\GTAO</Filter>
    </None>
    <None Include="Render\Shaders\GTAO\XeGTAO_Types.esh">
      <Filter>Render\Shaders\GTAO</Filter>
    </None>
    <None Include="Render\Shaders\Debug\DebugDraw.esf">
      <Filter>Render\Shaders\Debug</Filter>
    </None>
    <None Include="Render\Shaders\Debug\DebugDraw.esh">
      <Filter>Render\Shaders\Debug</Filter>
    </None>
    <None Include="Render\Shaders\Debug\DebugDrawMesh.esf">
      <Filter>Render\Shaders\Debug</Filter>
    </None>
    <None Include="Render\Shaders\Debug\DebugDrawResolve.esf">
      <Filter>Render\Shaders\Debug</Filter>
    </None>
    <None Include="Render\Shaders\Picking\InstancePickingResolve.esf">
      <Filter>Render\Shaders\Picking</Filter>
    </None>
    <None Include="Render\Shaders\Picking\Picking.esh">
      <Filter>Render\Shaders\Picking</Filter>
    </None>
    <None Include="Render\Shaders\Materials\ComplexSurfacePBR.esf">
      <Filter>Render\Shaders\Materials</Filter>
    </None>
    <None Include="Render\Shaders\Materials\DefaultPBR.esf">
      <Filter>Render\Shaders\Materials</Filter>
    </None>
    <None Include="Render\Shaders\Materials\Placeholder.esf">
      <Filter>Render\Shaders\Materials</Filter>
    </None>
    <None Include="Render\Shaders\Materials\DefaultColorOnlyPBR.esf">
      <Filter>Render\Shaders\Materials</Filter>
    </None>
    <None Include="ThirdParty\box3d\src\recording_ops.inl">
      <Filter>ThirdParty\box3d\src</Filter>
    </None>
    <None Include="Render\Shaders\DepthPyramidReduction.esf">
      <Filter>Render\Shaders</Filter>
    </None>
  </ItemGroup>
  <ItemGroup>
    <Filter Include="Navmesh">
      <UniqueIdentifier>{05456695-3bd4-482e-bb85-e6e57ca982ea}</UniqueIdentifier>
    </Filter>
    <Filter Include="Navmesh\Debug">
      <UniqueIdentifier>{093a8016-9f20-42bb-9ad5-3cfd43d16e36}</UniqueIdentifier>
    </Filter>
    <Filter Include="Navmesh\Systems">
      <UniqueIdentifier>{429fe9b7-5ffc-4d61-8bee-c8caf407279c}</UniqueIdentifier>
    </Filter>
    <Filter Include="Navmesh\Settings">
      <UniqueIdentifier>{31884ec9-58ca-4e61-8d30-8337d837f7dc}</UniqueIdentifier>
    </Filter>
    <Filter Include="Navmesh\Components">
      <UniqueIdentifier>{25736027-9e97-4461-ba29-034c509d001f}</UniqueIdentifier>
    </Filter>
    <Filter Include="Navmesh\ResourceLoaders">
      <UniqueIdentifier>{d16291a3-7cc3-4aa9-bc66-f940478f6337}</UniqueIdentifier>
    </Filter>
    <Filter Include="Render">
      <UniqueIdentifier>{fd027227-75e2-4987-a6fb-dd298b76583b}</UniqueIdentifier>
    </Filter>
    <Filter Include="Render\Device">
      <UniqueIdentifier>{bdedfc22-cbda-4472-ac4d-88277d5afb81}</UniqueIdentifier>
    </Filter>
    <Filter Include="Render\Shaders">
      <UniqueIdentifier>{ac0e2c49-c65c-4dfc-ac7a-683df256e55b}</UniqueIdentifier>
    </Filter>
    <Filter Include="Render\Shaders\FFX">
      <UniqueIdentifier>{6b49d4c4-eb9d-4164-a692-c8db3cda4f16}</UniqueIdentifier>
    </Filter>
    <Filter Include="Render\Shaders\Renderer">
      <UniqueIdentifier>{3b67d398-56b2-4872-a235-61db888f6692}</UniqueIdentifier>
    </Filter>
    <Filter Include="Render\Shaders\PBR">
      <UniqueIdentifier>{70dbc51b-c17c-47fa-afc3-f6934a3dc5a1}</UniqueIdentifier>
    </Filter>
    <Filter Include="Render\Shaders\OIT">
      <UniqueIdentifier>{4d2d94ed-b394-4ab7-931a-1c36acc36ac4}</UniqueIdentifier>
    </Filter>
    <Filter Include="Render\Shaders\SMAA">
      <UniqueIdentifier>{b60578a1-532e-43e2-96e8-2e5434e93884}</UniqueIdentifier>
    </Filter>
    <Filter Include="Render\Shaders\GTAO">
      <UniqueIdentifier>{ec7328af-566c-4c77-8427-eddfa9de461e}</UniqueIdentifier>
    </Filter>
    <Filter Include="Render\Shaders\Debug">
      <UniqueIdentifier>{b8bde63a-30f2-493d-b42f-1baf3b9aee57}</UniqueIdentifier>
    </Filter>
    <Filter Include="Render\Shaders\Picking">
      <UniqueIdentifier>{7b0809ec-fcd3-4ebb-92b0-f78185208392}</UniqueIdentifier>
    </Filter>
    <Filter Include="Render\Shaders\Materials">
      <UniqueIdentifier>{a9e60dc7-9650-44c6-8f83-7cafd79ba43d}</UniqueIdentifier>
    </Filter>
    <Filter Include="Render\Shaders\EditorOutline">
      <UniqueIdentifier>{e5c37a6b-8a1f-4d3c-9b02-5f6a8d2c91b4}</UniqueIdentifier>
    </Filter>
    <Filter Include="Render\Imgui">
      <UniqueIdentifier>{731b6a52-2ecf-4e4f-b301-b1261be187c3}</UniqueIdentifier>
    </Filter>
    <Filter Include="Render\Systems">
      <UniqueIdentifier>{c509deb1-d5bd-4937-873a-6d59f084f6d1}</UniqueIdentifier>
    </Filter>
    <Filter Include="Render\Settings">
      <UniqueIdentifier>{c48efcfb-8184-4d4d-ab9c-32696d9fe28a}</UniqueIdentifier>
    </Filter>
    <Filter Include="Render\DebugMesh">
      <UniqueIdentifier>{e0131853-2793-4e58-865a-0bc20f1138d6}</UniqueIdentifier>
    </Filter>
    <Filter Include="Render\Components">
      <UniqueIdentifier>{611c38bb-0b93-4f09-acae-3dc3005f4a08}</UniqueIdentifier>
    </Filter>
    <Filter Include="Render\RenderPasses">
      <UniqueIdentifier>{c75596c1-72e5-4e85-903f-bfccacb6236b}</UniqueIdentifier>
    </Filter>
    <Filter Include="Render\ResourceLoaders">
      <UniqueIdentifier>{c4285293-72d9-4f46-8208-81b0242c2aad}</UniqueIdentifier>
    </Filter>
    <Filter Include="ThirdParty">
      <UniqueIdentifier>{f6ed1baa-d2c8-4f0c-9f87-75cb9101e7a5}</UniqueIdentifier>
    </Filter>
    <Filter Include="ThirdParty\box3d">
      <UniqueIdentifier>{d1392c9a-565e-439c-925e-f8da44e26a80}</UniqueIdentifier>
    </Filter>
    <Filter Include="ThirdParty\box3d\src">
      <UniqueIdentifier>{b959b47e-43cc-45ee-8cfa-963416ef3e7e}</UniqueIdentifier>
    </Filter>
    <Filter Include="ThirdParty\box3d\include">
      <UniqueIdentifier>{e64fac22-c381-4ec0-82b2-5d5261bb3d7d}</UniqueIdentifier>
    </Filter>
    <Filter Include="ThirdParty\box3d\include\box3d">
      <UniqueIdentifier>{87fd4e97-f4dd-4eb9-a4f5-7c39eb35dbf8}</UniqueIdentifier>
    </Filter>
    <Filter Include="ThirdParty\meshoptimizer">
      <UniqueIdentifier>{54f59675-8287-4fae-81ab-08aa28f37ded}</UniqueIdentifier>
    </Filter>
    <Filter Include="Animation">
      <UniqueIdentifier>{1b1d0444-e5b6-49bf-b555-1be2990259ad}</UniqueIdentifier>
    </Filter>
    <Filter Include="Animation\Graph">
      <UniqueIdentifier>{4f046fa5-cc9b-40b2-ad61-b622cf557c98}</UniqueIdentifier>
    </Filter>
    <Filter Include="Animation\Graph\Nodes">
      <UniqueIdentifier>{bd3b0b35-e24d-4bc8-874b-286e5e276c96}</UniqueIdentifier>
    </Filter>
    <Filter Include="Animation\IK">
      <UniqueIdentifier>{c311089c-1786-486d-8f14-e1402b12d8ad}</UniqueIdentifier>
    </Filter>
    <Filter Include="Animation\Debug">
      <UniqueIdentifier>{118b070a-d095-4dbb-a31f-dbbe171baa14}</UniqueIdentifier>
    </Filter>
    <Filter Include="Animation\Events">
      <UniqueIdentifier>{c1ceda5e-a8d7-40b8-b539-4446f230ca67}</UniqueIdentifier>
    </Filter>
    <Filter Include="Animation\Systems">
      <UniqueIdentifier>{8a947c40-a63e-4070-9706-8098c4308f26}</UniqueIdentifier>
    </Filter>
    <Filter Include="Animation\TaskSystem">
      <UniqueIdentifier>{6eea284c-1674-4113-9031-67b207078dca}</UniqueIdentifier>
    </Filter>
    <Filter Include="Animation\TaskSystem\Tasks">
      <UniqueIdentifier>{a7adf92b-04fb-4986-a725-907f1d5c67a6}</UniqueIdentifier>
    </Filter>
    <Filter Include="Animation\Components">
      <UniqueIdentifier>{2ebd6312-370f-45d0-8d44-ec970b83a8f9}</UniqueIdentifier>
    </Filter>
    <Filter Include="Animation\ResourceLoaders">
      <UniqueIdentifier>{aa218d0e-2a4e-481c-a8e1-1390d8bd417e}</UniqueIdentifier>
    </Filter>
    <Filter Include="Debug">
      <UniqueIdentifier>{be9589f0-8b5c-449d-bd41-ccbc5e782a91}</UniqueIdentifier>
    </Filter>
    <Filter Include="Debug\Widgets">
      <UniqueIdentifier>{882cf011-c853-4260-9c71-12a99562b331}</UniqueIdentifier>
    </Filter>
    <Filter Include="Input">
      <UniqueIdentifier>{ef727970-7f10-4ced-83b0-27ab82f0b626}</UniqueIdentifier>
    </Filter>
    <Filter Include="Input\Components">
      <UniqueIdentifier>{7e26b0a7-fd5e-40b8-ab35-881dac5a520b}</UniqueIdentifier>
    </Filter>
    <Filter Include="Input\Systems">
      <UniqueIdentifier>{913ca37a-5a39-4dca-ad45-9cae0549b9f3}</UniqueIdentifier>
    </Filter>
    <Filter Include="Input\Debug">
      <UniqueIdentifier>{cac8d2c6-f065-4977-bc6a-3fb56a23f468}</UniqueIdentifier>
    </Filter>
    <Filter Include="Physics">
      <UniqueIdentifier>{dffd1f16-26f7-42e2-98f8-ba8609b7751c}</UniqueIdentifier>
    </Filter>
    <Filter Include="Physics\Debug">
      <UniqueIdentifier>{ccc90906-e925-4b85-8be3-92608b44fa6a}</UniqueIdentifier>
    </Filter>
    <Filter Include="Physics\Systems">
      <UniqueIdentifier>{deb682ff-7ca3-4023-91c9-3676273a4dcb}</UniqueIdentifier>
    </Filter>
    <Filter Include="Physics\Ragdoll">
      <UniqueIdentifier>{f42f1d51-a468-48ea-bab1-323567091f1f}</UniqueIdentifier>
    </Filter>
    <Filter Include="Physics\Settings">
      <UniqueIdentifier>{e723fc90-8439-4acc-9378-5e24c98b2499}</UniqueIdentifier>
    </Filter>
    <Filter Include="Physics\Components">
      <UniqueIdentifier>{5901c434-a93d-465d-843f-57a18d3b4c2a}</UniqueIdentifier>
    </Filter>
    <Filter Include="Physics\ResourceLoaders">
      <UniqueIdentifier>{d623f544-18f2-4489-a2b5-73af68d65d85}</UniqueIdentifier>
    </Filter>
    <Filter Include="Hitbox">
      <UniqueIdentifier>{e004cbda-ff16-4c40-9247-00bcfcec2e82}</UniqueIdentifier>
    </Filter>
    <Filter Include="Hitbox\Components">
      <UniqueIdentifier>{7d0c3f41-3779-44fe-b94c-c655686a759c}</UniqueIdentifier>
    </Filter>
    <Filter Include="Hitbox\ResourceLoaders">
      <UniqueIdentifier>{60776967-5c71-4c71-81d4-8eae354c519d}</UniqueIdentifier>
    </Filter>
    <Filter Include="Imgui">
      <UniqueIdentifier>{9ba2bd9f-40ff-4129-a788-b1beb44cb36e}</UniqueIdentifier>
    </Filter>
    <Filter Include="Imgui\Gizmos">
      <UniqueIdentifier>{30afa8cd-de06-44b2-99f7-ffc90bacec62}</UniqueIdentifier>
    </Filter>
    <Filter Include="Entity">
      <UniqueIdentifier>{56983281-c3a6-4f11-87a3-51635711526c}</UniqueIdentifier>
    </Filter>
    <Filter Include="Entity\Debug">
      <UniqueIdentifier>{4c5a1850-90de-4ae7-bdc6-361f913da06a}</UniqueIdentifier>
    </Filter>
    <Filter Include="Entity\Systems">
      <UniqueIdentifier>{7c183826-67be-4acd-b9a8-e47145133f76}</UniqueIdentifier>
    </Filter>
    <Filter Include="Entity\Components">
      <UniqueIdentifier>{27beae9f-6c30-4668-82b9-7a44de12bbfe}</UniqueIdentifier>
    </Filter>
    <Filter Include="Entity\ResourceLoaders">
      <UniqueIdentifier>{9745f192-4382-4177-9b97-d900f4b6d772}</UniqueIdentifier>
    </Filter>
    <Filter Include="Camera">
      <UniqueIdentifier>{e821e555-61f8-461c-92a7-fb2a22dcca22}</UniqueIdentifier>
    </Filter>
    <Filter Include="Camera\Debug">
      <UniqueIdentifier>{31e2cb25-4e72-4032-b7ad-057434a60578}</UniqueIdentifier>
    </Filter>
    <Filter Include="Camera\Systems">
      <UniqueIdentifier>{ed54027c-1736-42bf-9ae3-0395e8d1819a}</UniqueIdentifier>
    </Filter>
    <Filter Include="Camera\Components">
      <UniqueIdentifier>{88f9dddb-ef63-414e-b825-abf7a4c488f6}</UniqueIdentifier>
    </Filter>
    <Filter Include="ToolsUI">
      <UniqueIdentifier>{b1674320-4477-4294-9fa7-d66a8c2d8da0}</UniqueIdentifier>
    </Filter>
    <Filter Include="_Module">
      <UniqueIdentifier>{f2bcdcb2-21de-4421-9990-c04d1a6a8a56}</UniqueIdentifier>
    </Filter>
    <Filter Include="_Module\_AutoGenerated">
      <UniqueIdentifier>{def64139-3fce-4b31-8259-502a4936b370}</UniqueIdentifier>
    </Filter>
    <Filter Include="Volumes">
      <UniqueIdentifier>{71749bf7-9f1d-408f-8c3c-2803931d1773}</UniqueIdentifier>
    </Filter>
    <Filter Include="Volumes\Components">
      <UniqueIdentifier>{621970bc-87b3-44d3-a659-e9b04d367261}</UniqueIdentifier>
    </Filter>
    <Filter Include="Resource">
      <UniqueIdentifier>{cad248cc-9086-456a-a06f-a13b6cd458af}</UniqueIdentifier>
    </Filter>
    <Filter Include="Resource\Debug">
      <UniqueIdentifier>{7af3709b-5662-41f3-bfa2-37b7f955bf82}</UniqueIdentifier>
    </Filter>
    <Filter Include="Viewport">
      <UniqueIdentifier>{0ae64470-333d-4c98-82e4-7de0a58ffb13}</UniqueIdentifier>
    </Filter>
  </ItemGroup>
  <ItemGroup>
    <Natvis Include="ThirdParty\box3d\src\box3d.natvis">
      <Filter>ThirdParty\box3d\src</Filter>
    </Natvis>
  </ItemGroup>
</Project>